{
  "name": "profitforge-research",
  "version": "0.1.0",
  "lockfileVersion": 3,
  "requires": true,
  "packages": {
    "": {
      "name": "profitforge-research",
      "version": "0.1.0",
      "dependencies": {
        "@supabase/supabase-js": "2.105.0",
        "react": "19.1.1",
        "react-dom": "19.1.1"
      },
      "devDependencies": {
        "@types/react": "19.1.12",
        "@types/react-dom": "19.1.9",
        "@vitejs/plugin-react": "5.0.2",
        "typescript": "5.9.2",
        "vite": "7.1.5"
      }
    },
    "node_modules/@supabase/supabase-js": {
      "version": "2.105.0",
      "resolved": "https://registry.npmjs.org/@supabase/supabase-js/-/supabase-js-2.105.0.tgz"
    },
    "node_modules/react": {
      "version": "19.1.1",
      "resolved": "https://registry.npmjs.org/react/-/react-19.1.1.tgz"
    },
    "node_modules/react-dom": {
      "version": "19.1.1",
      "resolved": "https://registry.npmjs.org/react-dom/-/react-dom-19.1.1.tgz"
    }
  }
}
